
Microsoft Visual Studio Solution File, Format Version 12.00
# Visual Studio Version 16
VisualStudioVersion = 16.0.29613.14
MinimumVisualStudioVersion = 10.0.40219.1
Project("{FAE04EC0-301F-11D3-BF4B-00C04F79EFBC}") = "SNet.ZipService.Common", "SNet.ZipService.Common\SNet.ZipService.Common.csproj", "{405E2E81-1810-4B5E-B6C6-2AEA836A94C8}"
EndProject
Project("{FAE04EC0-301F-11D3-BF4B-00C04F79EFBC}") = "SNet.ZipService.WindowsService", "SNet.ZipService.WindowsService\SNet.ZipService.WindowsService.csproj", "{BD056709-7C92-4FBE-AA46-1F89CEE98755}"
EndProject
Project("{FAE04EC0-301F-11D3-BF4B-00C04F79EFBC}") = "SNet.ZipService.ConsoleTest", "SNet.ZipService.ConsoleTest\SNet.ZipService.ConsoleTest.csproj", "{759F1C7F-C133-4A76-BDCD-CBCC813826EA}"
EndProject
Global
	GlobalSection(SolutionConfigurationPlatforms) = preSolution
		Debug|Any CPU = Debug|Any CPU
		Release|Any CPU = Release|Any CPU
	EndGlobalSection
	GlobalSection(ProjectConfigurationPlatforms) = postSolution
		{405E2E81-1810-4B5E-B6C6-2AEA836A94C8}.Debug|Any CPU.ActiveCfg = Debug|Any CPU
		{405E2E81-1810-4B5E-B6C6-2AEA836A94C8}.Debug|Any CPU.Build.0 = Debug|Any CPU
		{405E2E81-1810-4B5E-B6C6-2AEA836A94C8}.Release|Any CPU.ActiveCfg = Release|Any CPU
		{405E2E81-1810-4B5E-B6C6-2AEA836A94C8}.Release|Any CPU.Build.0 = Release|Any CPU
		{BD056709-7C92-4FBE-AA46-1F89CEE98755}.Debug|Any CPU.ActiveCfg = Debug|Any CPU
		{BD056709-7C92-4FBE-AA46-1F89CEE98755}.Debug|Any CPU.Build.0 = Debug|Any CPU
		{BD056709-7C92-4FBE-AA46-1F89CEE98755}.Release|Any CPU.ActiveCfg = Release|Any CPU
		{BD056709-7C92-4FBE-AA46-1F89CEE98755}.Release|Any CPU.Build.0 = Release|Any CPU
		{759F1C7F-C133-4A76-BDCD-CBCC813826EA}.Debug|Any CPU.ActiveCfg = Debug|Any CPU
		{759F1C7F-C133-4A76-BDCD-CBCC813826EA}.Debug|Any CPU.Build.0 = Debug|Any CPU
		{759F1C7F-C133-4A76-BDCD-CBCC813826EA}.Release|Any CPU.ActiveCfg = Release|Any CPU
		{759F1C7F-C133-4A76-BDCD-CBCC813826EA}.Release|Any CPU.Build.0 = Release|Any CPU
	EndGlobalSection
	GlobalSection(SolutionProperties) = preSolution
		HideSolutionNode = FALSE
	EndGlobalSection
	GlobalSection(ExtensibilityGlobals) = postSolution
		SolutionGuid = {720E898F-2FD6-4933-87F0-92F3D5E681C0}
	EndGlobalSection
EndGlobal
